
Microsoft Visual Studio Solution File, Format Version 12.00
# Visual Studio 15
VisualStudioVersion = 15.0.27703.2042
MinimumVisualStudioVersion = 10.0.40219.1
Project("{FAE04EC0-301F-11D3-BF4B-00C04F79EFBC}") = "UWPPomodore", "UWPPomodore\UWPPomodore.csproj", "{E14BC80D-493D-4C13-AAF0-D2A3E1440850}"
EndProject
Global
	GlobalSection(SolutionConfigurationPlatforms) = preSolution
		Debug|ARM = Debug|ARM
		Debug|x64 = Debug|x64
		Debug|x86 = Debug|x86
		Release|ARM = Release|ARM
		Release|x64 = Release|x64
		Release|x86 = Release|x86
	EndGlobalSection
	GlobalSection(ProjectConfigurationPlatforms) = postSolution
		{E14BC80D-493D-4C13-AAF0-D2A3E1440850}.Debug|ARM.ActiveCfg = Debug|ARM
		{E14BC80D-493D-4C13-AAF0-D2A3E1440850}.Debug|ARM.Build.0 = Debug|ARM
		{E14BC80D-493D-4C13-AAF0-D2A3E1440850}.Debug|ARM.Deploy.0 = Debug|ARM
		{E14BC80D-493D-4C13-AAF0-D2A3E1440850}.Debug|x64.ActiveCfg = Debug|x64
		{E14BC80D-493D-4C13-AAF0-D2A3E1440850}.Debug|x64.Build.0 = Debug|x64
		{E14BC80D-493D-4C13-AAF0-D2A3E1440850}.Debug|x64.Deploy.0 = Debug|x64
		{E14BC80D-493D-4C13-AAF0-D2A3E1440850}.Debug|x86.ActiveCfg = Debug|x86
		{E14BC80D-493D-4C13-AAF0-D2A3E1440850}.Debug|x86.Build.0 = Debug|x86
		{E14BC80D-493D-4C13-AAF0-D2A3E1440850}.Debug|x86.Deploy.0 = Debug|x86
		{E14BC80D-493D-4C13-AAF0-D2A3E1440850}.Release|ARM.ActiveCfg = Release|ARM
		{E14BC80D-493D-4C13-AAF0-D2A3E1440850}.Release|ARM.Build.0 = Release|ARM
		{E14BC80D-493D-4C13-AAF0-D2A3E1440850}.Release|ARM.Deploy.0 = Release|ARM
		{E14BC80D-493D-4C13-AAF0-D2A3E1440850}.Release|x64.ActiveCfg = Release|x64
		{E14BC80D-493D-4C13-AAF0-D2A3E1440850}.Release|x64.Build.0 = Release|x64
		{E14BC80D-493D-4C13-AAF0-D2A3E1440850}.Release|x64.Deploy.0 = Release|x64
		{E14BC80D-493D-4C13-AAF0-D2A3E1440850}.Release|x86.ActiveCfg = Release|x86
		{E14BC80D-493D-4C13-AAF0-D2A3E1440850}.Release|x86.Build.0 = Release|x86
		{E14BC80D-493D-4C13-AAF0-D2A3E1440850}.Release|x86.Deploy.0 = Release|x86
	EndGlobalSection
	GlobalSection(SolutionProperties) = preSolution
		HideSolutionNode = FALSE
	EndGlobalSection
	GlobalSection(ExtensibilityGlobals) = postSolution
		SolutionGuid = {5CD86BD6-D120-49F0-B397-309B8F10E2F1}
	EndGlobalSection
EndGlobal
